
Microsoft Visual Studio Solution File, Format Version 12.00
# Visual Studio Version 17
VisualStudioVersion = 17.0.31919.166
MinimumVisualStudioVersion = 10.0.40219.1
Project("{FAE04EC0-301F-11D3-BF4B-00C04F79EFBC}") = "WebApplication2", "WebApplication2\WebApplication2.csproj", "{9BDAC4BC-F44E-4DDA-B69A-AEC28FF51C66}"
EndProject
Global
	GlobalSection(SolutionConfigurationPlatforms) = preSolution
		Debug|Any CPU = Debug|Any CPU
		Release|Any CPU = Release|Any CPU
	EndGlobalSection
	GlobalSection(ProjectConfigurationPlatforms) = postSolution
		{9BDAC4BC-F44E-4DDA-B69A-AEC28FF51C66}.Debug|Any CPU.ActiveCfg = Debug|Any CPU
		{9BDAC4BC-F44E-4DDA-B69A-AEC28FF51C66}.Debug|Any CPU.Build.0 = Debug|Any CPU
		{9BDAC4BC-F44E-4DDA-B69A-AEC28FF51C66}.Release|Any CPU.ActiveCfg = Release|Any CPU
		{9BDAC4BC-F44E-4DDA-B69A-AEC28FF51C66}.Release|Any CPU.Build.0 = Release|Any CPU
	EndGlobalSection
	GlobalSection(SolutionProperties) = preSolution
		HideSolutionNode = FALSE
	EndGlobalSection
	GlobalSection(ExtensibilityGlobals) = postSolution
		SolutionGuid = {0764DA2F-AAF7-4A9C-BF44-9B52DF8D0F0F}
	EndGlobalSection
EndGlobal
